
Microsoft Visual Studio Solution File, Format Version 12.00
# Visual Studio 15
VisualStudioVersion = 15.0.28307.421
MinimumVisualStudioVersion = 10.0.40219.1
Project("{FAE04EC0-301F-11D3-BF4B-00C04F79EFBC}") = "BankAppWeb.Pure", "BankAppWeb.Pure\BankAppWeb.Pure.csproj", "{96FC4296-680C-420C-BCEE-56141973C13A}"
EndProject
Project("{FAE04EC0-301F-11D3-BF4B-00C04F79EFBC}") = "BankAppWeb.Soap", "BankAppWeb.Soap\BankAppWeb.Soap.csproj", "{410804CB-677A-4E42-865B-3CD3E977917E}"
EndProject
Global
	GlobalSection(SolutionConfigurationPlatforms) = preSolution
		Debug|Any CPU = Debug|Any CPU
		Release|Any CPU = Release|Any CPU
	EndGlobalSection
	GlobalSection(ProjectConfigurationPlatforms) = postSolution
		{96FC4296-680C-420C-BCEE-56141973C13A}.Debug|Any CPU.ActiveCfg = Debug|Any CPU
		{96FC4296-680C-420C-BCEE-56141973C13A}.Debug|Any CPU.Build.0 = Debug|Any CPU
		{96FC4296-680C-420C-BCEE-56141973C13A}.Release|Any CPU.ActiveCfg = Release|Any CPU
		{96FC4296-680C-420C-BCEE-56141973C13A}.Release|Any CPU.Build.0 = Release|Any CPU
		{410804CB-677A-4E42-865B-3CD3E977917E}.Debug|Any CPU.ActiveCfg = Debug|Any CPU
		{410804CB-677A-4E42-865B-3CD3E977917E}.Debug|Any CPU.Build.0 = Debug|Any CPU
		{410804CB-677A-4E42-865B-3CD3E977917E}.Release|Any CPU.ActiveCfg = Release|Any CPU
		{410804CB-677A-4E42-865B-3CD3E977917E}.Release|Any CPU.Build.0 = Release|Any CPU
	EndGlobalSection
	GlobalSection(SolutionProperties) = preSolution
		HideSolutionNode = FALSE
	EndGlobalSection
	GlobalSection(ExtensibilityGlobals) = postSolution
		SolutionGuid = {2DF82701-9CAE-4A40-B09A-A64D804663BC}
	EndGlobalSection
EndGlobal
